{
  "nodes": {
    "alacritty-theme": {
      "inputs": {
        "alacritty-theme": "alacritty-theme_2",
        "flake-parts": "flake-parts",
        "nixpkgs": "nixpkgs"
      },
      "locked": {
        "lastModified": 1783890309,
        "narHash": "sha256-cjYWAM7QGmZ1uqJjMPaKOrmL+g/XSH9naVO+ZYUYzjY=",
        "owner": "alexghr",
        "repo": "alacritty-theme.nix",
        "rev": "b7320d6c61b9d743a851a3ba469207bdaec3fb16",
        "type": "github"
      },
      "original": {
        "owner": "alexghr",
        "repo": "alacritty-theme.nix",
        "type": "github"
      }
    },
    "alacritty-theme_2": {
      "flake": false,
      "locked": {
        "lastModified": 1783715728,
        "narHash": "sha256-kXHjFbjJXSDZjSc3BaBZmYQPVDuCUueyWw+GjDv4iL4=",
        "owner": "alacritty",
        "repo": "alacritty-theme",
        "rev": "03cce642656759f440c97bb99ce65fc1c5b064a1",
        "type": "github"
      },
      "original": {
        "owner": "alacritty",
        "repo": "alacritty-theme",
        "type": "github"
      }
    },
    "flake-parts": {
      "inputs": {
        "nixpkgs-lib": "nixpkgs-lib"
      },
      "locked": {
        "lastModified": 1743550720,
        "narHash": "sha256-hIshGgKZCgWh6AYJpJmRgFdR3WUbkY04o82X05xqQiY=",
        "owner": "hercules-ci",
        "repo": "flake-parts",
        "rev": "c621e8422220273271f52058f618c94e405bb0f5",
        "type": "github"
      },
      "original": {
        "owner": "hercules-ci",
        "repo": "flake-parts",
        "type": "github"
      }
    },
    "flake-parts_2": {
      "inputs": {
        "nixpkgs-lib": [
          "nixvim",
          "nixpkgs"
        ]
      },
      "locked": {
        "lastModified": 1785627969,
        "narHash": "sha256-4dtXQk/NMePegK/nWp5NSeuZKLATItOq61lpEvmXqGw=",
        "owner": "hercules-ci",
        "repo": "flake-parts",
        "rev": "427bf4bd9435fdf21321c8cc628c24efc14c0f7a",
        "type": "github"
      },
      "original": {
        "owner": "hercules-ci",
        "repo": "flake-parts",
        "type": "github"
      }
    },
    "flake-utils": {
      "inputs": {
        "systems": "systems_2"
      },
      "locked": {
        "lastModified": 1731533236,
        "narHash": "sha256-l0KFg5HjrsfsO/JpG+r7fRrqm12kzFHyUHqHCVpMMbI=",
        "owner": "numtide",
        "repo": "flake-utils",
        "rev": "11707dc2f618dd54ca8739b309ec4fc024de578b",
        "type": "github"
      },
      "original": {
        "owner": "numtide",
        "repo": "flake-utils",
        "type": "github"
      }
    },
    "home-manager": {
      "inputs": {
        "nixpkgs": [
          "nixpkgs"
        ]
      },
      "locked": {
        "lastModified": 1786538400,
        "narHash": "sha256-PH8B1YKxedcWKNw2xsk6cKPVk/rJoLgdlWd5d+Icies=",
        "owner": "nix-community",
        "repo": "home-manager",
        "rev": "e13ba5e5abbd9b912fa8c6979bd119e87ca7fdd9",
        "type": "github"
      },
      "original": {
        "owner": "nix-community",
        "repo": "home-manager",
        "type": "github"
      }
    },
    "niri": {
      "inputs": {
        "niri-stable": "niri-stable",
        "niri-unstable": "niri-unstable",
        "nixpkgs": "nixpkgs_2",
        "nixpkgs-stable": "nixpkgs-stable",
        "xwayland-satellite-stable": "xwayland-satellite-stable",
        "xwayland-satellite-unstable": "xwayland-satellite-unstable"
      },
      "locked": {
        "lastModified": 1786541225,
        "narHash": "sha256-x8H1Nd56kAKM6JhCz1BZxhYdEI+UrCsyUcXJ9BNqSg8=",
        "owner": "epireyn",
        "repo": "niri-flake",
        "rev": "9275dd4c4f412dd91b44faa8330c9d62e1bcf060",
        "type": "github"
      },
      "original": {
        "owner": "epireyn",
        "repo": "niri-flake",
        "type": "github"
      }
    },
    "niri-stable": {
      "flake": false,
      "locked": {
        "lastModified": 1777115961,
        "narHash": "sha256-ehSMsSpE+0k8r+2Vseu8kangsYxToZv3vinynsDp9zs=",
        "owner": "niri-wm",
        "repo": "niri",
        "rev": "8ed0da44d974c32c6877d2f4630c314da0717ecb",
        "type": "github"
      },
      "original": {
        "owner": "niri-wm",
        "ref": "v26.04",
        "repo": "niri",
        "type": "github"
      }
    },
    "niri-unstable": {
      "flake": false,
      "locked": {
        "lastModified": 1786539210,
        "narHash": "sha256-HEI68CZxY77jimz7+ZpKMGUbeLbncWLuttrMFPQGytQ=",
        "owner": "niri-wm",
        "repo": "niri",
        "rev": "92a25a0a8619f55596e5c138ea6d6a391e24e9db",
        "type": "github"
      },
      "original": {
        "owner": "niri-wm",
        "repo": "niri",
        "type": "github"
      }
    },
    "nixpkgs": {
      "locked": {
        "lastModified": 1744463964,
        "narHash": "sha256-LWqduOgLHCFxiTNYi3Uj5Lgz0SR+Xhw3kr/3Xd0GPTM=",
        "owner": "NixOS",
        "repo": "nixpkgs",
        "rev": "2631b0b7abcea6e640ce31cd78ea58910d31e650",
        "type": "github"
      },
      "original": {
        "owner": "NixOS",
        "ref": "nixos-unstable",
        "repo": "nixpkgs",
        "type": "github"
      }
    },
    "nixpkgs-lib": {
      "locked": {
        "lastModified": 1743296961,
        "narHash": "sha256-b1EdN3cULCqtorQ4QeWgLMrd5ZGOjLSLemfa00heasc=",
        "owner": "nix-community",
        "repo": "nixpkgs.lib",
        "rev": "e4822aea2a6d1cdd36653c134cacfd64c97ff4fa",
        "type": "github"
      },
      "original": {
        "owner": "nix-community",
        "repo": "nixpkgs.lib",
        "type": "github"
      }
    },
    "nixpkgs-stable": {
      "locked": {
        "lastModified": 1786430034,
        "narHash": "sha256-Vux08kA5PICwS2sViCMfwVLAHNoH8TkKAeBo25LjpMI=",
        "owner": "NixOS",
        "repo": "nixpkgs",
        "rev": "70cc4559b10a6062b05ff1af17e0add065ccaed9",
        "type": "github"
      },
      "original": {
        "owner": "NixOS",
        "ref": "nixos-26.05",
        "repo": "nixpkgs",
        "type": "github"
      }
    },
    "nixpkgs_2": {
      "locked": {
        "lastModified": 1786384358,
        "narHash": "sha256-RzPPiWeUtuvymnpuEWsdtzli5w4kjZs49FqEs3/1u+I=",
        "owner": "NixOS",
        "repo": "nixpkgs",
        "rev": "2fcb964de67fcf60b43471c55d5d99e61a9ccb5a",
        "type": "github"
      },
      "original": {
        "owner": "NixOS",
        "ref": "nixos-unstable",
        "repo": "nixpkgs",
        "type": "github"
      }
    },
    "nixpkgs_3": {
      "locked": {
        "lastModified": 1786384358,
        "narHash": "sha256-RzPPiWeUtuvymnpuEWsdtzli5w4kjZs49FqEs3/1u+I=",
        "owner": "nixos",
        "repo": "nixpkgs",
        "rev": "2fcb964de67fcf60b43471c55d5d99e61a9ccb5a",
        "type": "github"
      },
      "original": {
        "owner": "nixos",
        "ref": "nixos-unstable",
        "repo": "nixpkgs",
        "type": "github"
      }
    },
    "nixpkgs_4": {
      "locked": {
        "lastModified": 1786106723,
        "narHash": "sha256-CgKDSHL6rqAAQkkvg1xaZDQXb77+4XW73iGcUMJ+2w0=",
        "rev": "f13ff45afd1bb73e640eaa08a7066dbed07e3238",
        "type": "tarball",
        "url": "https://releases.nixos.org/nixos/unstable/nixos-26.11pre1049422.f13ff45afd1b/nixexprs.tar.zst"
      },
      "original": {
        "type": "tarball",
        "url": "https://channels.nixos.org/nixos-unstable/nixexprs.tar.zst"
      }
    },
    "nixpkgs_5": {
      "locked": {
        "lastModified": 1770841267,
        "narHash": "sha256-9xejG0KoqsoKEGp2kVbXRlEYtFFcDTHjidiuX8hGO44=",
        "owner": "NixOS",
        "repo": "nixpkgs",
        "rev": "ec7c70d12ce2fc37cb92aff673dcdca89d187bae",
        "type": "github"
      },
      "original": {
        "owner": "NixOS",
        "ref": "nixos-unstable",
        "repo": "nixpkgs",
        "type": "github"
      }
    },
    "nixpkgs_6": {
      "locked": {
        "lastModified": 1744536153,
        "narHash": "sha256-awS2zRgF4uTwrOKwwiJcByDzDOdo3Q1rPZbiHQg/N38=",
        "owner": "NixOS",
        "repo": "nixpkgs",
        "rev": "18dd725c29603f582cf1900e0d25f9f1063dbf11",
        "type": "github"
      },
      "original": {
        "owner": "NixOS",
        "ref": "nixpkgs-unstable",
        "repo": "nixpkgs",
        "type": "github"
      }
    },
    "nixvim": {
      "inputs": {
        "flake-parts": "flake-parts_2",
        "nixpkgs": [
          "nixpkgs"
        ],
        "systems": "systems"
      },
      "locked": {
        "lastModified": 1786376793,
        "narHash": "sha256-57PySMBzfIOqHYfBQhDMIFy9CHMpRArhK9gWHZsp3/g=",
        "owner": "nix-community",
        "repo": "nixvim",
        "rev": "902dd3995bd830f824ca146796743e3baf587d4c",
        "type": "github"
      },
      "original": {
        "owner": "nix-community",
        "repo": "nixvim",
        "type": "github"
      }
    },
    "noctalia": {
      "inputs": {
        "nixpkgs": "nixpkgs_4"
      },
      "locked": {
        "lastModified": 1786566000,
        "narHash": "sha256-JOcHQWCcYsPq0bOP42UdV4f42nvlip7sh3vuxvSpEUM=",
        "owner": "noctalia-dev",
        "repo": "noctalia",
        "rev": "cd06851db4f40ab61d219a903518a1ca03fc3db3",
        "type": "github"
      },
      "original": {
        "owner": "noctalia-dev",
        "ref": "cachix",
        "repo": "noctalia",
        "type": "github"
      }
    },
    "noctalia-greeter": {
      "inputs": {
        "nixpkgs": [
          "nixpkgs"
        ]
      },
      "locked": {
        "lastModified": 1786468029,
        "narHash": "sha256-bcQneBQi7E27pEoSPIkiYwGFvar4/NPxkiO9nrw6NXI=",
        "owner": "noctalia-dev",
        "repo": "noctalia-greeter",
        "rev": "d0180243312ebcb241c64391e7c42ac71a2fcac4",
        "type": "github"
      },
      "original": {
        "owner": "noctalia-dev",
        "repo": "noctalia-greeter",
        "type": "github"
      }
    },
    "plugged": {
      "inputs": {
        "flake-utils": "flake-utils",
        "nixpkgs": "nixpkgs_5",
        "rust-overlay": "rust-overlay"
      },
      "locked": {
        "lastModified": 1772288879,
        "narHash": "sha256-uCJkEPvcH84cvDdm7dc0fBkmQNAMUnSigQoHmMspv/w=",
        "owner": "shinobu-uwu",
        "repo": "plugged",
        "rev": "dffa12084230ca78c7ca5c6b68396d1382bfe411",
        "type": "github"
      },
      "original": {
        "owner": "shinobu-uwu",
        "repo": "plugged",
        "type": "github"
      }
    },
    "root": {
      "inputs": {
        "alacritty-theme": "alacritty-theme",
        "home-manager": "home-manager",
        "niri": "niri",
        "nixpkgs": "nixpkgs_3",
        "nixvim": "nixvim",
        "noctalia": "noctalia",
        "noctalia-greeter": "noctalia-greeter",
        "plugged": "plugged",
        "rust-overlay": "rust-overlay_2"
      }
    },
    "rust-overlay": {
      "inputs": {
        "nixpkgs": "nixpkgs_6"
      },
      "locked": {
        "lastModified": 1770952264,
        "narHash": "sha256-CjymNrJZWBtpavyuTkfPVPaZkwzIzGaf0E/3WgcwM14=",
        "owner": "oxalica",
        "repo": "rust-overlay",
        "rev": "ec6a3d5cdf14bb5a1dd03652bd3f6351004d2188",
        "type": "github"
      },
      "original": {
        "owner": "oxalica",
        "repo": "rust-overlay",
        "type": "github"
      }
    },
    "rust-overlay_2": {
      "inputs": {
        "nixpkgs": [
          "nixpkgs"
        ]
      },
      "locked": {
        "lastModified": 1786507911,
        "narHash": "sha256-w5aZRLbiu7H6TqsYXVMdRKg0S4DRaJpxyqxx86AwxVk=",
        "owner": "oxalica",
        "repo": "rust-overlay",
        "rev": "39db48099ad16834af7e27485a4babf9c28b3897",
        "type": "github"
      },
      "original": {
        "owner": "oxalica",
        "repo": "rust-overlay",
        "type": "github"
      }
    },
    "systems": {
      "locked": {
        "lastModified": 1774449309,
        "narHash": "sha256-brhZ8DmuGtzkCYHJg4HEd602amKm89Y9ytsFZ5uWD1w=",
        "owner": "nix-systems",
        "repo": "default",
        "rev": "c29398b59d2048c4ab79345812849c9bd15e9150",
        "type": "github"
      },
      "original": {
        "owner": "nix-systems",
        "ref": "future-26.11",
        "repo": "default",
        "type": "github"
      }
    },
    "systems_2": {
      "locked": {
        "lastModified": 1681028828,
        "narHash": "sha256-Vy1rq5AaRuLzOxct8nz4T6wlgyUR7zLU309k9mBC768=",
        "owner": "nix-systems",
        "repo": "default",
        "rev": "da67096a3b9bf56a91d16901293e51ba5b49a27e",
        "type": "github"
      },
      "original": {
        "owner": "nix-systems",
        "repo": "default",
        "type": "github"
      }
    },
    "xwayland-satellite-stable": {
      "flake": false,
      "locked": {
        "lastModified": 1771195969,
        "narHash": "sha256-BUE41HjLIGPjq3U8VXPjf8asH8GaMI7FYdgrIHKFMXA=",
        "owner": "Supreeeme",
        "repo": "xwayland-satellite",
        "rev": "536bd32efc935bf876d6de385ec18a1b715c9358",
        "type": "github"
      },
      "original": {
        "owner": "Supreeeme",
        "ref": "v0.8.1",
        "repo": "xwayland-satellite",
        "type": "github"
      }
    },
    "xwayland-satellite-unstable": {
      "flake": false,
      "locked": {
        "lastModified": 1786221058,
        "narHash": "sha256-hF2atQzapHBLX5NFqJMcKZAWHfGkKQeNu1eQr46+AGg=",
        "owner": "Supreeeme",
        "repo": "xwayland-satellite",
        "rev": "3bc915f09dd62bb2651a715114f9d140344bc6c1",
        "type": "github"
      },
      "original": {
        "owner": "Supreeeme",
        "repo": "xwayland-satellite",
        "type": "github"
      }
    }
  },
  "root": "root",
  "version": 7
}
